
Microsoft Visual Studio Solution File, Format Version 12.00
# Visual Studio 14
VisualStudioVersion = 14.0.25420.1
MinimumVisualStudioVersion = 10.0.40219.1
Project("{FAE04EC0-301F-11D3-BF4B-00C04F79EFBC}") = "PatternAnalyzer", "PatternAnalyzer\PatternAnalyzer.csproj", "{779B96B8-7203-417F-B29C-99E762828F6D}"
EndProject
Project("{2150E333-8FDC-42A3-9474-1A3956D46DE8}") = "Test Projects", "Test Projects", "{9160979F-9641-4921-8FE8-512F20D4F9C0}"
EndProject
Project("{FAE04EC0-301F-11D3-BF4B-00C04F79EFBC}") = "PatternAnalyzerTests", "PatternAnalyzerTests\PatternAnalyzerTests.csproj", "{B8F2C355-CA3C-4ECD-9544-F17B75205F64}"
EndProject
Global
	GlobalSection(SolutionConfigurationPlatforms) = preSolution
		Debug|Any CPU = Debug|Any CPU
		Release|Any CPU = Release|Any CPU
	EndGlobalSection
	GlobalSection(ProjectConfigurationPlatforms) = postSolution
		{779B96B8-7203-417F-B29C-99E762828F6D}.Debug|Any CPU.ActiveCfg = Debug|Any CPU
		{779B96B8-7203-417F-B29C-99E762828F6D}.Debug|Any CPU.Build.0 = Debug|Any CPU
		{779B96B8-7203-417F-B29C-99E762828F6D}.Release|Any CPU.ActiveCfg = Release|Any CPU
		{779B96B8-7203-417F-B29C-99E762828F6D}.Release|Any CPU.Build.0 = Release|Any CPU
		{B8F2C355-CA3C-4ECD-9544-F17B75205F64}.Debug|Any CPU.ActiveCfg = Debug|Any CPU
		{B8F2C355-CA3C-4ECD-9544-F17B75205F64}.Debug|Any CPU.Build.0 = Debug|Any CPU
		{B8F2C355-CA3C-4ECD-9544-F17B75205F64}.Release|Any CPU.ActiveCfg = Release|Any CPU
		{B8F2C355-CA3C-4ECD-9544-F17B75205F64}.Release|Any CPU.Build.0 = Release|Any CPU
	EndGlobalSection
	GlobalSection(SolutionProperties) = preSolution
		HideSolutionNode = FALSE
	EndGlobalSection
	GlobalSection(NestedProjects) = preSolution
		{B8F2C355-CA3C-4ECD-9544-F17B75205F64} = {9160979F-9641-4921-8FE8-512F20D4F9C0}
	EndGlobalSection
EndGlobal
